
Microsoft Visual Studio Solution File, Format Version 12.00
# Visual Studio Version 16
VisualStudioVersion = 16.0.30523.141
MinimumVisualStudioVersion = 10.0.40219.1
Project("{9A19103F-16F7-4668-BE54-9A1E7A4F7556}") = "KaomojiSharp", "KaomojiSharp.csproj", "{03E80B3A-ACD1-47D7-8822-D9E2BF49341B}"
EndProject
Project("{FAE04EC0-301F-11D3-BF4B-00C04F79EFBC}") = "KaomojiSharpExample", "..\KaomojiSharpExample\KaomojiSharpExample.csproj", "{9129CF4B-5E58-48F3-A326-E76DCB6DAB8B}"
EndProject
Global
	GlobalSection(SolutionConfigurationPlatforms) = preSolution
		Debug|Any CPU = Debug|Any CPU
		Release|Any CPU = Release|Any CPU
	EndGlobalSection
	GlobalSection(ProjectConfigurationPlatforms) = postSolution
		{03E80B3A-ACD1-47D7-8822-D9E2BF49341B}.Debug|Any CPU.ActiveCfg = Debug|Any CPU
		{03E80B3A-ACD1-47D7-8822-D9E2BF49341B}.Debug|Any CPU.Build.0 = Debug|Any CPU
		{03E80B3A-ACD1-47D7-8822-D9E2BF49341B}.Release|Any CPU.ActiveCfg = Release|Any CPU
		{03E80B3A-ACD1-47D7-8822-D9E2BF49341B}.Release|Any CPU.Build.0 = Release|Any CPU
		{9129CF4B-5E58-48F3-A326-E76DCB6DAB8B}.Debug|Any CPU.ActiveCfg = Debug|Any CPU
		{9129CF4B-5E58-48F3-A326-E76DCB6DAB8B}.Debug|Any CPU.Build.0 = Debug|Any CPU
		{9129CF4B-5E58-48F3-A326-E76DCB6DAB8B}.Release|Any CPU.ActiveCfg = Release|Any CPU
		{9129CF4B-5E58-48F3-A326-E76DCB6DAB8B}.Release|Any CPU.Build.0 = Release|Any CPU
	EndGlobalSection
	GlobalSection(SolutionProperties) = preSolution
		HideSolutionNode = FALSE
	EndGlobalSection
	GlobalSection(ExtensibilityGlobals) = postSolution
		SolutionGuid = {E70ACD7C-C895-403C-AE1D-846AAFBE407B}
	EndGlobalSection
EndGlobal
